// !$*UTF8*$!
{
	archiveVersion = 1;
	classes = {
	};
	objectVersion = 46;
	objects = {

/* Begin PBXBuildFile section */
		4CE92B221832FC270061C322 /* Foundation.framework in Frameworks */ = {isa = PBXBuildFile; fileRef = 4CE92B211832FC270061C322 /* Foundation.framework */; };
		4CE92B241832FC270061C322 /* CoreGraphics.framework in Frameworks */ = {isa = PBXBuildFile; fileRef = 4CE92B231832FC270061C322 /* CoreGraphics.framework */; };
		4CE92B261832FC270061C322 /* UIKit.framework in Frameworks */ = {isa = PBXBuildFile; fileRef = 4CE92B251832FC270061C322 /* UIKit.framework */; };
		4CE92B2C1832FC270061C322 /* InfoPlist.strings in Resources */ = {isa = PBXBuildFile; fileRef = 4CE92B2A1832FC270061C322 /* InfoPlist.strings */; };
		4CE92B2E1832FC280061C322 /* main.m in Sources */ = {isa = PBXBuildFile; fileRef = 4CE92B2D1832FC280061C322 /* main.m */; };
		4CE92B321832FC280061C322 /* PEAppDelegate.m in Sources */ = {isa = PBXBuildFile; fileRef = 4CE92B311832FC280061C322 /* PEAppDelegate.m */; };
		4CE92B351832FC280061C322 /* Main_iPhone.storyboard in Resources */ = {isa = PBXBuildFile; fileRef = 4CE92B331832FC280061C322 /* Main_iPhone.storyboard */; };
		4CE92B3B1832FC280061C322 /* PEViewController.m in Sources */ = {isa = PBXBuildFile; fileRef = 4CE92B3A1832FC280061C322 /* PEViewController.m */; };
		4CE92B3D1832FC280061C322 /* Images.xcassets in Resources */ = {isa = PBXBuildFile; fileRef = 4CE92B3C1832FC280061C322 /* Images.xcassets */; };
		4CE92B441832FC290061C322 /* XCTest.framework in Frameworks */ = {isa = PBXBuildFile; fileRef = 4CE92B431832FC290061C322 /* XCTest.framework */; };
		4CE92B451832FC290061C322 /* Foundation.framework in Frameworks */ = {isa = PBXBuildFile; fileRef = 4CE92B211832FC270061C322 /* Foundation.framework */; };
		4CE92B461832FC290061C322 /* UIKit.framework in Frameworks */ = {isa = PBXBuildFile; fileRef = 4CE92B251832FC270061C322 /* UIKit.framework */; };
		4CE92B4E1832FC2A0061C322 /* InfoPlist.strings in Resources */ = {isa = PBXBuildFile; fileRef = 4CE92B4C1832FC2A0061C322 /* InfoPlist.strings */; };
		4CE92B501832FC2A0061C322 /* Pages_ExampleTests.m in Sources */ = {isa = PBXBuildFile; fileRef = 4CE92B4F1832FC2A0061C322 /* Pages_ExampleTests.m */; };
		4CFFDBD618333DA500CEAE8F /* README.md in Resources */ = {isa = PBXBuildFile; fileRef = 4CFFDBD518333DA500CEAE8F /* README.md */; };
/* End PBXBuildFile section */

/* Begin PBXContainerItemProxy section */
		4CE92B471832FC290061C322 /* PBXContainerItemProxy */ = {
			isa = PBXContainerItemProxy;
			containerPortal = 4CE92B161832FC270061C322 /* Project object */;
			proxyType = 1;
			remoteGlobalIDString = 4CE92B1D1832FC270061C322;
			remoteInfo = "Pages Example";
		};
/* End PBXContainerItemProxy section */

/* Begin PBXFileReference section */
		4CE92B1E1832FC270061C322 /* Pages Example.app */ = {isa = PBXFileReference; explicitFileType = wrapper.application; includeInIndex = 0; path = "Pages Example.app"; sourceTree = BUILT_PRODUCTS_DIR; };
		4CE92B211832FC270061C322 /* Foundation.framework */ = {isa = PBXFileReference; lastKnownFileType = wrapper.framework; name = Foundation.framework; path = System/Library/Frameworks/Foundation.framework; sourceTree = SDKROOT; };
		4CE92B231832FC270061C322 /* CoreGraphics.framework */ = {isa = PBXFileReference; lastKnownFileType = wrapper.framework; name = CoreGraphics.framework; path = System/Library/Frameworks/CoreGraphics.framework; sourceTree = SDKROOT; };
		4CE92B251832FC270061C322 /* UIKit.framework */ = {isa = PBXFileReference; lastKnownFileType = wrapper.framework; name = UIKit.framework; path = System/Library/Frameworks/UIKit.framework; sourceTree = SDKROOT; };
		4CE92B291832FC270061C322 /* Pages Example-Info.plist */ = {isa = PBXFileReference; lastKnownFileType = text.plist.xml; path = "Pages Example-Info.plist"; sourceTree = "<group>"; };
		4CE92B2B1832FC270061C322 /* en */ = {isa = PBXFileReference; lastKnownFileType = text.plist.strings; name = en; path = en.lproj/InfoPlist.strings; sourceTree = "<group>"; };
		4CE92B2D1832FC280061C322 /* main.m */ = {isa = PBXFileReference; lastKnownFileType = sourcecode.c.objc; path = main.m; sourceTree = "<group>"; };
		4CE92B2F1832FC280061C322 /* Pages Example-Prefix.pch */ = {isa = PBXFileReference; lastKnownFileType = sourcecode.c.h; path = "Pages Example-Prefix.pch"; sourceTree = "<group>"; };
		4CE92B301832FC280061C322 /* PEAppDelegate.h */ = {isa = PBXFileReference; lastKnownFileType = sourcecode.c.h; path = PEAppDelegate.h; sourceTree = "<group>"; };
		4CE92B311832FC280061C322 /* PEAppDelegate.m */ = {isa = PBXFileReference; lastKnownFileType = sourcecode.c.objc; path = PEAppDelegate.m; sourceTree = "<group>"; };
		4CE92B341832FC280061C322 /* Base */ = {isa = PBXFileReference; lastKnownFileType = file.storyboard; name = Base; path = Base.lproj/Main_iPhone.storyboard; sourceTree = "<group>"; };
		4CE92B391832FC280061C322 /* PEViewController.h */ = {isa = PBXFileReference; lastKnownFileType = sourcecode.c.h; path = PEViewController.h; sourceTree = "<group>"; };
		4CE92B3A1832FC280061C322 /* PEViewController.m */ = {isa = PBXFileReference; lastKnownFileType = sourcecode.c.objc; path = PEViewController.m; sourceTree = "<group>"; };
		4CE92B3C1832FC280061C322 /* Images.xcassets */ = {isa = PBXFileReference; lastKnownFileType = folder.assetcatalog; path = Images.xcassets; sourceTree = "<group>"; };
		4CE92B421832FC290061C322 /* Pages ExampleTests.xctest */ = {isa = PBXFileReference; explicitFileType = wrapper.cfbundle; includeInIndex = 0; path = "Pages ExampleTests.xctest"; sourceTree = BUILT_PRODUCTS_DIR; };
		4CE92B431832FC290061C322 /* XCTest.framework */ = {isa = PBXFileReference; lastKnownFileType = wrapper.framework; name = XCTest.framework; path = Library/Frameworks/XCTest.framework; sourceTree = DEVELOPER_DIR; };
		4CE92B4B1832FC290061C322 /* Pages ExampleTests-Info.plist */ = {isa = PBXFileReference; lastKnownFileType = text.plist.xml; path = "Pages ExampleTests-Info.plist"; sourceTree = "<group>"; };
		4CE92B4D1832FC2A0061C322 /* en */ = {isa = PBXFileReference; lastKnownFileType = text.plist.strings; name = en; path = en.lproj/InfoPlist.strings; sourceTree = "<group>"; };
		4CE92B4F1832FC2A0061C322 /* Pages_ExampleTests.m */ = {isa = PBXFileReference; lastKnownFileType = sourcecode.c.objc; path = Pages_ExampleTests.m; sourceTree = "<group>"; };
		4CFFDBD518333DA500CEAE8F /* README.md */ = {isa = PBXFileReference; fileEncoding = 4; lastKnownFileType = text; path = README.md; sourceTree = "<group>"; };
/* End PBXFileReference section */

/* Begin PBXFrameworksBuildPhase section */
		4CE92B1B1832FC270061C322 /* Frameworks */ = {
			isa = PBXFrameworksBuildPhase;
			buildActionMask = 2147483647;
			files = (
				4CE92B241832FC270061C322 /* CoreGraphics.framework in Frameworks */,
				4CE92B261832FC270061C322 /* UIKit.framework in Frameworks */,
				4CE92B221832FC270061C322 /* Foundation.framework in Frameworks */,
			);
			runOnlyForDeploymentPostprocessing = 0;
		};
		4CE92B3F1832FC290061C322 /* Frameworks */ = {
			isa = PBXFrameworksBuildPhase;
			buildActionMask = 2147483647;
			files = (
				4CE92B441832FC290061C322 /* XCTest.framework in Frameworks */,
				4CE92B461832FC290061C322 /* UIKit.framework in Frameworks */,
				4CE92B451832FC290061C322 /* Foundation.framework in Frameworks */,
			);
			runOnlyForDeploymentPostprocessing = 0;
		};
/* End PBXFrameworksBuildPhase section */

/* Begin PBXGroup section */
		4CE92B151832FC270061C322 = {
			isa = PBXGroup;
			children = (
				4CFFDBD518333DA500CEAE8F /* README.md */,
				4CE92B271832FC270061C322 /* Pages Example */,
				4CE92B491832FC290061C322 /* Pages ExampleTests */,
				4CE92B201832FC270061C322 /* Frameworks */,
				4CE92B1F1832FC270061C322 /* Products */,
			);
			sourceTree = "<group>";
		};
		4CE92B1F1832FC270061C322 /* Products */ = {
			isa = PBXGroup;
			children = (
				4CE92B1E1832FC270061C322 /* Pages Example.app */,
				4CE92B421832FC290061C322 /* Pages ExampleTests.xctest */,
			);
			name = Products;
			sourceTree = "<group>";
		};
		4CE92B201832FC270061C322 /* Frameworks */ = {
			isa = PBXGroup;
			children = (
				4CE92B211832FC270061C322 /* Foundation.framework */,
				4CE92B231832FC270061C322 /* CoreGraphics.framework */,
				4CE92B251832FC270061C322 /* UIKit.framework */,
				4CE92B431832FC290061C322 /* XCTest.framework */,
			);
			name = Frameworks;
			sourceTree = "<group>";
		};
		4CE92B271832FC270061C322 /* Pages Example */ = {
			isa = PBXGroup;
			children = (
				4CE92B301832FC280061C322 /* PEAppDelegate.h */,
				4CE92B311832FC280061C322 /* PEAppDelegate.m */,
				4CE92B331832FC280061C322 /* Main_iPhone.storyboard */,
				4CE92B391832FC280061C322 /* PEViewController.h */,
				4CE92B3A1832FC280061C322 /* PEViewController.m */,
				4CE92B3C1832FC280061C322 /* Images.xcassets */,
				4CE92B281832FC270061C322 /* Supporting Files */,
			);
			path = "Pages Example";
			sourceTree = "<group>";
		};
		4CE92B281832FC270061C322 /* Supporting Files */ = {
			isa = PBXGroup;
			children = (
				4CE92B291832FC270061C322 /* Pages Example-Info.plist */,
				4CE92B2A1832FC270061C322 /* InfoPlist.strings */,
				4CE92B2D1832FC280061C322 /* main.m */,
				4CE92B2F1832FC280061C322 /* Pages Example-Prefix.pch */,
			);
			name = "Supporting Files";
			sourceTree = "<group>";
		};
		4CE92B491832FC290061C322 /* Pages ExampleTests */ = {
			isa = PBXGroup;
			children = (
				4CE92B4F1832FC2A0061C322 /* Pages_ExampleTests.m */,
				4CE92B4A1832FC290061C322 /* Supporting Files */,
			);
			path = "Pages ExampleTests";
			sourceTree = "<group>";
		};
		4CE92B4A1832FC290061C322 /* Supporting Files */ = {
			isa = PBXGroup;
			children = (
				4CE92B4B1832FC290061C322 /* Pages ExampleTests-Info.plist */,
				4CE92B4C1832FC2A0061C322 /* InfoPlist.strings */,
			);
			name = "Supporting Files";
			sourceTree = "<group>";
		};
/* End PBXGroup section */

/* Begin PBXNativeTarget section */
		4CE92B1D1832FC270061C322 /* Pages Example */ = {
			isa = PBXNativeTarget;
			buildConfigurationList = 4CE92B531832FC2A0061C322 /* Build configuration list for PBXNativeTarget "Pages Example" */;
			buildPhases = (
				4CE92B1A1832FC270061C322 /* Sources */,
				4CE92B1B1832FC270061C322 /* Frameworks */,
				4CE92B1C1832FC270061C322 /* Resources */,
			);
			buildRules = (
			);
			dependencies = (
			);
			name = "Pages Example";
			productName = "Pages Example";
			productReference = 4CE92B1E1832FC270061C322 /* Pages Example.app */;
			productType = "com.apple.product-type.application";
		};
		4CE92B411832FC290061C322 /* Pages ExampleTests */ = {
			isa = PBXNativeTarget;
			buildConfigurationList = 4CE92B561832FC2A0061C322 /* Build configuration list for PBXNativeTarget "Pages ExampleTests" */;
			buildPhases = (
				4CE92B3E1832FC290061C322 /* Sources */,
				4CE92B3F1832FC290061C322 /* Frameworks */,
				4CE92B401832FC290061C322 /* Resources */,
			);
			buildRules = (
			);
			dependencies = (
				4CE92B481832FC290061C322 /* PBXTargetDependency */,
			);
			name = "Pages ExampleTests";
			productName = "Pages ExampleTests";
			productReference = 4CE92B421832FC290061C322 /* Pages ExampleTests.xctest */;
			productType = "com.apple.product-type.bundle.unit-test";
		};
/* End PBXNativeTarget section */

/* Begin PBXProject section */
		4CE92B161832FC270061C322 /* Project object */ = {
			isa = PBXProject;
			attributes = {
				CLASSPREFIX = PE;
				LastUpgradeCheck = 0500;
				ORGANIZATIONNAME = Pages;
				TargetAttributes = {
					4CE92B411832FC290061C322 = {
						TestTargetID = 4CE92B1D1832FC270061C322;
					};
				};
			};
			buildConfigurationList = 4CE92B191832FC270061C322 /* Build configuration list for PBXProject "Pages Example" */;
			compatibilityVersion = "Xcode 3.2";
			developmentRegion = English;
			hasScannedForEncodings = 0;
			knownRegions = (
				en,
				Base,
			);
			mainGroup = 4CE92B151832FC270061C322;
			productRefGroup = 4CE92B1F1832FC270061C322 /* Products */;
			projectDirPath = "";
			projectRoot = "";
			targets = (
				4CE92B1D1832FC270061C322 /* Pages Example */,
				4CE92B411832FC290061C322 /* Pages ExampleTests */,
			);
		};
/* End PBXProject section */

/* Begin PBXResourcesBuildPhase section */
		4CE92B1C1832FC270061C322 /* Resources */ = {
			isa = PBXResourcesBuildPhase;
			buildActionMask = 2147483647;
			files = (
				4CE92B3D1832FC280061C322 /* Images.xcassets in Resources */,
				4CE92B351832FC280061C322 /* Main_iPhone.storyboard in Resources */,
				4CFFDBD618333DA500CEAE8F /* README.md in Resources */,
				4CE92B2C1832FC270061C322 /* InfoPlist.strings in Resources */,
			);
			runOnlyForDeploymentPostprocessing = 0;
		};
		4CE92B401832FC290061C322 /* Resources */ = {
			isa = PBXResourcesBuildPhase;
			buildActionMask = 2147483647;
			files = (
				4CE92B4E1832FC2A0061C322 /* InfoPlist.strings in Resources */,
			);
			runOnlyForDeploymentPostprocessing = 0;
		};
/* End PBXResourcesBuildPhase section */

/* Begin PBXSourcesBuildPhase section */
		4CE92B1A1832FC270061C322 /* Sources */ = {
			isa = PBXSourcesBuildPhase;
			buildActionMask = 2147483647;
			files = (
				4CE92B2E1832FC280061C322 /* main.m in Sources */,
				4CE92B3B1832FC280061C322 /* PEViewController.m in Sources */,
				4CE92B321832FC280061C322 /* PEAppDelegate.m in Sources */,
			);
			runOnlyForDeploymentPostprocessing = 0;
		};
		4CE92B3E1832FC290061C322 /* Sources */ = {
			isa = PBXSourcesBuildPhase;
			buildActionMask = 2147483647;
			files = (
				4CE92B501832FC2A0061C322 /* Pages_ExampleTests.m in Sources */,
			);
			runOnlyForDeploymentPostprocessing = 0;
		};
/* End PBXSourcesBuildPhase section */

/* Begin PBXTargetDependency section */
		4CE92B481832FC290061C322 /* PBXTargetDependency */ = {
			isa = PBXTargetDependency;
			target = 4CE92B1D1832FC270061C322 /* Pages Example */;
			targetProxy = 4CE92B471832FC290061C322 /* PBXContainerItemProxy */;
		};
/* End PBXTargetDependency section */

/* Begin PBXVariantGroup section */
		4CE92B2A1832FC270061C322 /* InfoPlist.strings */ = {
			isa = PBXVariantGroup;
			children = (
				4CE92B2B1832FC270061C322 /* en */,
			);
			name = InfoPlist.strings;
			sourceTree = "<group>";
		};
		4CE92B331832FC280061C322 /* Main_iPhone.storyboard */ = {
			isa = PBXVariantGroup;
			children = (
				4CE92B341832FC280061C322 /* Base */,
			);
			name = Main_iPhone.storyboard;
			sourceTree = "<group>";
		};
		4CE92B4C1832FC2A0061C322 /* InfoPlist.strings */ = {
			isa = PBXVariantGroup;
			children = (
				4CE92B4D1832FC2A0061C322 /* en */,
			);
			name = InfoPlist.strings;
			sourceTree = "<group>";
		};
/* End PBXVariantGroup section */

/* Begin XCBuildConfiguration section */
		4CE92B511832FC2A0061C322 /* Debug */ = {
			isa = XCBuildConfiguration;
			buildSettings = {
				ALWAYS_SEARCH_USER_PATHS = NO;
				ARCHS = "$(ARCHS_STANDARD_INCLUDING_64_BIT)";
				CLANG_CXX_LANGUAGE_STANDARD = "gnu++0x";
				CLANG_CXX_LIBRARY = "libc++";
				CLANG_ENABLE_MODULES = YES;
				CLANG_ENABLE_OBJC_ARC = YES;
				CLANG_WARN_BOOL_CONVERSION = YES;
				CLANG_WARN_CONSTANT_CONVERSION = YES;
				CLANG_WARN_DIRECT_OBJC_ISA_USAGE = YES_ERROR;
				CLANG_WARN_EMPTY_BODY = YES;
				CLANG_WARN_ENUM_CONVERSION = YES;
				CLANG_WARN_INT_CONVERSION = YES;
				CLANG_WARN_OBJC_ROOT_CLASS = YES_ERROR;
				CLANG_WARN__DUPLICATE_METHOD_MATCH = YES;
				"CODE_SIGN_IDENTITY[sdk=iphoneos*]" = "iPhone Developer";
				COPY_PHASE_STRIP = NO;
				GCC_C_LANGUAGE_STANDARD = gnu99;
				GCC_DYNAMIC_NO_PIC = NO;
				GCC_OPTIMIZATION_LEVEL = 0;
				GCC_PREPROCESSOR_DEFINITIONS = (
					"DEBUG=1",
					"$(inherited)",
				);
				GCC_SYMBOLS_PRIVATE_EXTERN = NO;
				GCC_WARN_64_TO_32_BIT_CONVERSION = YES;
				GCC_WARN_ABOUT_RETURN_TYPE = YES_ERROR;
				GCC_WARN_UNDECLARED_SELECTOR = YES;
				GCC_WARN_UNINITIALIZED_AUTOS = YES;
				GCC_WARN_UNUSED_FUNCTION = YES;
				GCC_WARN_UNUSED_VARIABLE = YES;
				IPHONEOS_DEPLOYMENT_TARGET = 7.0;
				ONLY_ACTIVE_ARCH = YES;
				SDKROOT = iphoneos;
				TARGETED_DEVICE_FAMILY = "1,2";
			};
			name = Debug;
		};
		4CE92B521832FC2A0061C322 /* Release */ = {
			isa = XCBuildConfiguration;
			buildSettings = {
				ALWAYS_SEARCH_USER_PATHS = NO;
				ARCHS = "$(ARCHS_STANDARD_INCLUDING_64_BIT)";
				CLANG_CXX_LANGUAGE_STANDARD = "gnu++0x";
				CLANG_CXX_LIBRARY = "libc++";
				CLANG_ENABLE_MODULES = YES;
				CLANG_ENABLE_OBJC_ARC = YES;
				CLANG_WARN_BOOL_CONVERSION = YES;
				CLANG_WARN_CONSTANT_CONVERSION = YES;
				CLANG_WARN_DIRECT_OBJC_ISA_USAGE = YES_ERROR;
				CLANG_WARN_EMPTY_BODY = YES;
				CLANG_WARN_ENUM_CONVERSION = YES;
				CLANG_WARN_INT_CONVERSION = YES;
				CLANG_WARN_OBJC_ROOT_CLASS = YES_ERROR;
				CLANG_WARN__DUPLICATE_METHOD_MATCH = YES;
				"CODE_SIGN_IDENTITY[sdk=iphoneos*]" = "iPhone Developer";
				COPY_PHASE_STRIP = YES;
				ENABLE_NS_ASSERTIONS = NO;
				GCC_C_LANGUAGE_STANDARD = gnu99;
				GCC_WARN_64_TO_32_BIT_CONVERSION = YES;
				GCC_WARN_ABOUT_RETURN_TYPE = YES_ERROR;
				GCC_WARN_UNDECLARED_SELECTOR = YES;
				GCC_WARN_UNINITIALIZED_AUTOS = YES;
				GCC_WARN_UNUSED_FUNCTION = YES;
				GCC_WARN_UNUSED_VARIABLE = YES;
				IPHONEOS_DEPLOYMENT_TARGET = 7.0;
				SDKROOT = iphoneos;
				TARGETED_DEVICE_FAMILY = "1,2";
				VALIDATE_PRODUCT = YES;
			};
			name = Release;
		};
		4CE92B541832FC2A0061C322 /* Debug */ = {
			isa = XCBuildConfiguration;
			buildSettings = {
				ASSETCATALOG_COMPILER_APPICON_NAME = AppIcon;
				ASSETCATALOG_COMPILER_LAUNCHIMAGE_NAME = LaunchImage;
				GCC_PRECOMPILE_PREFIX_HEADER = YES;
				GCC_PREFIX_HEADER = "Pages Example/Pages Example-Prefix.pch";
				INFOPLIST_FILE = "Pages Example/Pages Example-Info.plist";
				PRODUCT_NAME = "$(TARGET_NAME)";
				TARGETED_DEVICE_FAMILY = 1;
				WRAPPER_EXTENSION = app;
			};
			name = Debug;
		};
		4CE92B551832FC2A0061C322 /* Release */ = {
			isa = XCBuildConfiguration;
			buildSettings = {
				ASSETCATALOG_COMPILER_APPICON_NAME = AppIcon;
				ASSETCATALOG_COMPILER_LAUNCHIMAGE_NAME = LaunchImage;
				GCC_PRECOMPILE_PREFIX_HEADER = YES;
				GCC_PREFIX_HEADER = "Pages Example/Pages Example-Prefix.pch";
				INFOPLIST_FILE = "Pages Example/Pages Example-Info.plist";
				PRODUCT_NAME = "$(TARGET_NAME)";
				TARGETED_DEVICE_FAMILY = 1;
				WRAPPER_EXTENSION = app;
			};
			name = Release;
		};
		4CE92B571832FC2A0061C322 /* Debug */ = {
			isa = XCBuildConfiguration;
			buildSettings = {
				ARCHS = "$(ARCHS_STANDARD_INCLUDING_64_BIT)";
				BUNDLE_LOADER = "$(BUILT_PRODUCTS_DIR)/Pages Example.app/Pages Example";
				FRAMEWORK_SEARCH_PATHS = (
					"$(SDKROOT)/Developer/Library/Frameworks",
					"$(inherited)",
					"$(DEVELOPER_FRAMEWORKS_DIR)",
				);
				GCC_PRECOMPILE_PREFIX_HEADER = YES;
				GCC_PREFIX_HEADER = "Pages Example/Pages Example-Prefix.pch";
				GCC_PREPROCESSOR_DEFINITIONS = (
					"DEBUG=1",
					"$(inherited)",
				);
				INFOPLIST_FILE = "Pages ExampleTests/Pages ExampleTests-Info.plist";
				PRODUCT_NAME = "$(TARGET_NAME)";
				TEST_HOST = "$(BUNDLE_LOADER)";
				WRAPPER_EXTENSION = xctest;
			};
			name = Debug;
		};
		4CE92B581832FC2A0061C322 /* Release */ = {
			isa = XCBuildConfiguration;
			buildSettings = {
				ARCHS = "$(ARCHS_STANDARD_INCLUDING_64_BIT)";
				BUNDLE_LOADER = "$(BUILT_PRODUCTS_DIR)/Pages Example.app/Pages Example";
				FRAMEWORK_SEARCH_PATHS = (
					"$(SDKROOT)/Developer/Library/Frameworks",
					"$(inherited)",
					"$(DEVELOPER_FRAMEWORKS_DIR)",
				);
				GCC_PRECOMPILE_PREFIX_HEADER = YES;
				GCC_PREFIX_HEADER = "Pages Example/Pages Example-Prefix.pch";
				INFOPLIST_FILE = "Pages ExampleTests/Pages ExampleTests-Info.plist";
				PRODUCT_NAME = "$(TARGET_NAME)";
				TEST_HOST = "$(BUNDLE_LOADER)";
				WRAPPER_EXTENSION = xctest;
			};
			name = Release;
		};
/* End XCBuildConfiguration section */

/* Begin XCConfigurationList section */
		4CE92B191832FC270061C322 /* Build configuration list for PBXProject "Pages Example" */ = {
			isa = XCConfigurationList;
			buildConfigurations = (
				4CE92B511832FC2A0061C322 /* Debug */,
				4CE92B521832FC2A0061C322 /* Release */,
			);
			defaultConfigurationIsVisible = 0;
			defaultConfigurationName = Release;
		};
		4CE92B531832FC2A0061C322 /* Build configuration list for PBXNativeTarget "Pages Example" */ = {
			isa = XCConfigurationList;
			buildConfigurations = (
				4CE92B541832FC2A0061C322 /* Debug */,
				4CE92B551832FC2A0061C322 /* Release */,
			);
			defaultConfigurationIsVisible = 0;
			defaultConfigurationName = Release;
		};
		4CE92B561832FC2A0061C322 /* Build configuration list for PBXNativeTarget "Pages ExampleTests" */ = {
			isa = XCConfigurationList;
			buildConfigurations = (
				4CE92B571832FC2A0061C322 /* Debug */,
				4CE92B581832FC2A0061C322 /* Release */,
			);
			defaultConfigurationIsVisible = 0;
			defaultConfigurationName = Release;
		};
/* End XCConfigurationList section */
	};
	rootObject = 4CE92B161832FC270061C322 /* Project object */;
}
